PODS:
  - FBSDKCoreKit (6.0.0):
    - FBSDKCoreKit/Basics (= 6.0.0)
    - FBSDKCoreKit/Core (= 6.0.0)
  - FBSDKCoreKit/Basics (6.0.0)
  - FBSDKCoreKit/Core (6.0.0):
    - FBSDKCoreKit/Basics
  - FBSDKLoginKit (6.0.0):
    - FBSDKLoginKit/Login (= 6.0.0)
  - FBSDKLoginKit/Login (6.0.0):
    - FBSDKCoreKit (~> 6.0.0)
  - GoogleMaps (3.7.0):
    - GoogleMaps/Maps (= 3.7.0)
  - GoogleMaps/Base (3.7.0)
  - GoogleMaps/Maps (3.7.0):
    - GoogleMaps/Base
  - GooglePlaces (3.7.0):
    - GoogleMaps/Base (= 3.7.0)
  - Kingfisher (5.13.0):
    - Kingfisher/Core (= 5.13.0)
  - Kingfisher/Core (5.13.0)

DEPENDENCIES:
  - FBSDKLoginKit
  - GoogleMaps
  - GooglePlaces
  - Kingfisher

SPEC REPOS:
  trunk:
    - FBSDKCoreKit
    - FBSDKLoginKit
    - GoogleMaps
    - GooglePlaces
    - Kingfisher

SPEC CHECKSUMS:
  FBSDKCoreKit: fe738b172590e622c86735b45e20d196848b54df
  FBSDKLoginKit: fa57df1b967fe0e147b25bede6ea4e9cdf4d64be
  GoogleMaps: 55da829c68aa931f3ae982b9e341cc2f3d89c587
  GooglePlaces: a62077320f9d64239245af63aa1aa136393ebeb6
  Kingfisher: 0d334cada987fcddbe9b5cec516406e1ee9d4748

PODFILE CHECKSUM: 3db39dea93a825c729748f39bb4371b2edaaa91e

COCOAPODS: 1.8.4
