// !$*UTF8*$!
{
	archiveVersion = 1;
	classes = {
	};
	objectVersion = 51;
	objects = {

/* Begin PBXBuildFile section */
		A05225472671D757E0AA98E4 /* Pods_Silofit.framework in Frameworks */ = {isa = PBXBuildFile; fileRef = D57ACCFFE7FF6A2E8CEFCEB7 /* Pods_Silofit.framework */; };
		CA7C968123E9ED7100710D21 /* AppDelegate.swift in Sources */ = {isa = PBXBuildFile; fileRef = CA7C968023E9ED7100710D21 /* AppDelegate.swift */; };
		CA7C968723E9ED7500710D21 /* Assets.xcassets in Resources */ = {isa = PBXBuildFile; fileRef = CA7C968623E9ED7500710D21 /* Assets.xcassets */; };
		CA7C968D23E9ED7500710D21 /* LaunchScreen.storyboard in Resources */ = {isa = PBXBuildFile; fileRef = CA7C968B23E9ED7500710D21 /* LaunchScreen.storyboard */; };
		CA7C969823E9ED7600710D21 /* SilofitTests.swift in Sources */ = {isa = PBXBuildFile; fileRef = CA7C969723E9ED7600710D21 /* SilofitTests.swift */; };
		CA7C96A323E9ED7600710D21 /* SilofitUITests.swift in Sources */ = {isa = PBXBuildFile; fileRef = CA7C96A223E9ED7600710D21 /* SilofitUITests.swift */; };
		CA7C96B123E9EE4500710D21 /* RootCoordinator.swift in Sources */ = {isa = PBXBuildFile; fileRef = CA7C96B023E9EE4500710D21 /* RootCoordinator.swift */; };
		CA7C96DF23E9F16400710D21 /* HomeInteractor.swift in Sources */ = {isa = PBXBuildFile; fileRef = CA7C96B623E9F16400710D21 /* HomeInteractor.swift */; };
		CA7C96E023E9F16400710D21 /* HomeViewController.swift in Sources */ = {isa = PBXBuildFile; fileRef = CA7C96B723E9F16400710D21 /* HomeViewController.swift */; };
		CA7C96E123E9F16400710D21 /* HomeRouter.swift in Sources */ = {isa = PBXBuildFile; fileRef = CA7C96B823E9F16400710D21 /* HomeRouter.swift */; };
		CA7C96E223E9F16400710D21 /* HomeBuilder.swift in Sources */ = {isa = PBXBuildFile; fileRef = CA7C96B923E9F16400710D21 /* HomeBuilder.swift */; };
		CA7C96E323E9F16400710D21 /* HomePresenter.swift in Sources */ = {isa = PBXBuildFile; fileRef = CA7C96BA23E9F16400710D21 /* HomePresenter.swift */; };
		CA7C96E423E9F16400710D21 /* HomeProtocols.swift in Sources */ = {isa = PBXBuildFile; fileRef = CA7C96BB23E9F16400710D21 /* HomeProtocols.swift */; };
		CA7C96E523E9F16400710D21 /* DetailsProtocols.swift in Sources */ = {isa = PBXBuildFile; fileRef = CA7C96BD23E9F16400710D21 /* DetailsProtocols.swift */; };
		CA7C96E623E9F16400710D21 /* DetailsPresenter.swift in Sources */ = {isa = PBXBuildFile; fileRef = CA7C96BE23E9F16400710D21 /* DetailsPresenter.swift */; };
		CA7C96E723E9F16400710D21 /* DetailsRouter.swift in Sources */ = {isa = PBXBuildFile; fileRef = CA7C96BF23E9F16400710D21 /* DetailsRouter.swift */; };
		CA7C96E823E9F16400710D21 /* DetailsBuilder.swift in Sources */ = {isa = PBXBuildFile; fileRef = CA7C96C023E9F16400710D21 /* DetailsBuilder.swift */; };
		CA7C96E923E9F16400710D21 /* DetailsInteractor.swift in Sources */ = {isa = PBXBuildFile; fileRef = CA7C96C123E9F16400710D21 /* DetailsInteractor.swift */; };
		CA7C96EA23E9F16400710D21 /* DetailsViewController.swift in Sources */ = {isa = PBXBuildFile; fileRef = CA7C96C223E9F16400710D21 /* DetailsViewController.swift */; };
		CA7C96EB23E9F16400710D21 /* MapProtocols.swift in Sources */ = {isa = PBXBuildFile; fileRef = CA7C96C423E9F16400710D21 /* MapProtocols.swift */; };
		CA7C96EC23E9F16400710D21 /* MapRouter.swift in Sources */ = {isa = PBXBuildFile; fileRef = CA7C96C523E9F16400710D21 /* MapRouter.swift */; };
		CA7C96ED23E9F16400710D21 /* MapPresenter.swift in Sources */ = {isa = PBXBuildFile; fileRef = CA7C96C623E9F16400710D21 /* MapPresenter.swift */; };
		CA7C96EE23E9F16400710D21 /* MapInteractor.swift in Sources */ = {isa = PBXBuildFile; fileRef = CA7C96C723E9F16400710D21 /* MapInteractor.swift */; };
		CA7C96EF23E9F16400710D21 /* MapViewController.swift in Sources */ = {isa = PBXBuildFile; fileRef = CA7C96C823E9F16400710D21 /* MapViewController.swift */; };
		CA7C96F023E9F16400710D21 /* MapBuilder.swift in Sources */ = {isa = PBXBuildFile; fileRef = CA7C96C923E9F16400710D21 /* MapBuilder.swift */; };
		CA7C96F123E9F16400710D21 /* ListBuilder.swift in Sources */ = {isa = PBXBuildFile; fileRef = CA7C96CB23E9F16400710D21 /* ListBuilder.swift */; };
		CA7C96F223E9F16400710D21 /* ListViewController.swift in Sources */ = {isa = PBXBuildFile; fileRef = CA7C96CC23E9F16400710D21 /* ListViewController.swift */; };
		CA7C96F323E9F16400710D21 /* ListInteractor.swift in Sources */ = {isa = PBXBuildFile; fileRef = CA7C96CD23E9F16400710D21 /* ListInteractor.swift */; };
		CA7C96F423E9F16400710D21 /* ListPresenter.swift in Sources */ = {isa = PBXBuildFile; fileRef = CA7C96CE23E9F16400710D21 /* ListPresenter.swift */; };
		CA7C96F523E9F16400710D21 /* ListProtocols.swift in Sources */ = {isa = PBXBuildFile; fileRef = CA7C96CF23E9F16400710D21 /* ListProtocols.swift */; };
		CA7C96F623E9F16400710D21 /* ListRouter.swift in Sources */ = {isa = PBXBuildFile; fileRef = CA7C96D023E9F16400710D21 /* ListRouter.swift */; };
		CA7C96F723E9F16400710D21 /* LoginInteractor.swift in Sources */ = {isa = PBXBuildFile; fileRef = CA7C96D223E9F16400710D21 /* LoginInteractor.swift */; };
		CA7C96F823E9F16400710D21 /* LoginViewController.swift in Sources */ = {isa = PBXBuildFile; fileRef = CA7C96D323E9F16400710D21 /* LoginViewController.swift */; };
		CA7C96F923E9F16400710D21 /* LoginProtocols.swift in Sources */ = {isa = PBXBuildFile; fileRef = CA7C96D423E9F16400710D21 /* LoginProtocols.swift */; };
		CA7C96FA23E9F16400710D21 /* LoginPresenter.swift in Sources */ = {isa = PBXBuildFile; fileRef = CA7C96D523E9F16400710D21 /* LoginPresenter.swift */; };
		CA7C96FB23E9F16400710D21 /* LoginBuilder.swift in Sources */ = {isa = PBXBuildFile; fileRef = CA7C96D623E9F16400710D21 /* LoginBuilder.swift */; };
		CA7C96FC23E9F16400710D21 /* LoginRouter.swift in Sources */ = {isa = PBXBuildFile; fileRef = CA7C96D723E9F16400710D21 /* LoginRouter.swift */; };
		CA7C96FD23E9F16400710D21 /* OnboardingRouter.swift in Sources */ = {isa = PBXBuildFile; fileRef = CA7C96D923E9F16400710D21 /* OnboardingRouter.swift */; };
		CA7C96FE23E9F16400710D21 /* OnboardingPresenter.swift in Sources */ = {isa = PBXBuildFile; fileRef = CA7C96DA23E9F16400710D21 /* OnboardingPresenter.swift */; };
		CA7C96FF23E9F16400710D21 /* OnboardingInteractor.swift in Sources */ = {isa = PBXBuildFile; fileRef = CA7C96DB23E9F16400710D21 /* OnboardingInteractor.swift */; };
		CA7C970023E9F16400710D21 /* OnboardingProtocols.swift in Sources */ = {isa = PBXBuildFile; fileRef = CA7C96DC23E9F16400710D21 /* OnboardingProtocols.swift */; };
		CA7C970123E9F16400710D21 /* OnboardingBuilder.swift in Sources */ = {isa = PBXBuildFile; fileRef = CA7C96DD23E9F16400710D21 /* OnboardingBuilder.swift */; };
		CA7C970223E9F16400710D21 /* OnboardingViewController.swift in Sources */ = {isa = PBXBuildFile; fileRef = CA7C96DE23E9F16400710D21 /* OnboardingViewController.swift */; };
		CADD34A023EC739600E35B34 /* OnboardingViewController.xib in Resources */ = {isa = PBXBuildFile; fileRef = CADD349F23EC739600E35B34 /* OnboardingViewController.xib */; };
/* End PBXBuildFile section */

/* Begin PBXContainerItemProxy section */
		CA7C969423E9ED7600710D21 /* PBXContainerItemProxy */ = {
			isa = PBXContainerItemProxy;
			containerPortal = CA7C967523E9ED7100710D21 /* Project object */;
			proxyType = 1;
			remoteGlobalIDString = CA7C967C23E9ED7100710D21;
			remoteInfo = Silofit;
		};
		CA7C969F23E9ED7600710D21 /* PBXContainerItemProxy */ = {
			isa = PBXContainerItemProxy;
			containerPortal = CA7C967523E9ED7100710D21 /* Project object */;
			proxyType = 1;
			remoteGlobalIDString = CA7C967C23E9ED7100710D21;
			remoteInfo = Silofit;
		};
/* End PBXContainerItemProxy section */

/* Begin PBXFileReference section */
		584F22A6F8930BC6ED0D7113 /* Pods-Silofit.release.xcconfig */ = {isa = PBXFileReference; includeInIndex = 1; lastKnownFileType = text.xcconfig; name = "Pods-Silofit.release.xcconfig"; path = "Target Support Files/Pods-Silofit/Pods-Silofit.release.xcconfig"; sourceTree = "<group>"; };
		A8FD92F10263AA60C845903A /* Pods-Silofit.debug.xcconfig */ = {isa = PBXFileReference; includeInIndex = 1; lastKnownFileType = text.xcconfig; name = "Pods-Silofit.debug.xcconfig"; path = "Target Support Files/Pods-Silofit/Pods-Silofit.debug.xcconfig"; sourceTree = "<group>"; };
		CA7C967D23E9ED7100710D21 /* Silofit.app */ = {isa = PBXFileReference; explicitFileType = wrapper.application; includeInIndex = 0; path = Silofit.app; sourceTree = BUILT_PRODUCTS_DIR; };
		CA7C968023E9ED7100710D21 /* AppDelegate.swift */ = {isa = PBXFileReference; lastKnownFileType = sourcecode.swift; path = AppDelegate.swift; sourceTree = "<group>"; };
		CA7C968623E9ED7500710D21 /* Assets.xcassets */ = {isa = PBXFileReference; lastKnownFileType = folder.assetcatalog; path = Assets.xcassets; sourceTree = "<group>"; };
		CA7C968C23E9ED7500710D21 /* Base */ = {isa = PBXFileReference; lastKnownFileType = file.storyboard; name = Base; path = Base.lproj/LaunchScreen.storyboard; sourceTree = "<group>"; };
		CA7C968E23E9ED7500710D21 /* Info.plist */ = {isa = PBXFileReference; lastKnownFileType = text.plist.xml; path = Info.plist; sourceTree = "<group>"; };
		CA7C969323E9ED7600710D21 /* SilofitTests.xctest */ = {isa = PBXFileReference; explicitFileType = wrapper.cfbundle; includeInIndex = 0; path = SilofitTests.xctest; sourceTree = BUILT_PRODUCTS_DIR; };
		CA7C969723E9ED7600710D21 /* SilofitTests.swift */ = {isa = PBXFileReference; lastKnownFileType = sourcecode.swift; path = SilofitTests.swift; sourceTree = "<group>"; };
		CA7C969923E9ED7600710D21 /* Info.plist */ = {isa = PBXFileReference; lastKnownFileType = text.plist.xml; path = Info.plist; sourceTree = "<group>"; };
		CA7C969E23E9ED7600710D21 /* SilofitUITests.xctest */ = {isa = PBXFileReference; explicitFileType = wrapper.cfbundle; includeInIndex = 0; path = SilofitUITests.xctest; sourceTree = BUILT_PRODUCTS_DIR; };
		CA7C96A223E9ED7600710D21 /* SilofitUITests.swift */ = {isa = PBXFileReference; lastKnownFileType = sourcecode.swift; path = SilofitUITests.swift; sourceTree = "<group>"; };
		CA7C96A423E9ED7600710D21 /* Info.plist */ = {isa = PBXFileReference; lastKnownFileType = text.plist.xml; path = Info.plist; sourceTree = "<group>"; };
		CA7C96B023E9EE4500710D21 /* RootCoordinator.swift */ = {isa = PBXFileReference; lastKnownFileType = sourcecode.swift; path = RootCoordinator.swift; sourceTree = "<group>"; };
		CA7C96B623E9F16400710D21 /* HomeInteractor.swift */ = {isa = PBXFileReference; fileEncoding = 4; lastKnownFileType = sourcecode.swift; path = HomeInteractor.swift; sourceTree = "<group>"; };
		CA7C96B723E9F16400710D21 /* HomeViewController.swift */ = {isa = PBXFileReference; fileEncoding = 4; lastKnownFileType = sourcecode.swift; path = HomeViewController.swift; sourceTree = "<group>"; };
		CA7C96B823E9F16400710D21 /* HomeRouter.swift */ = {isa = PBXFileReference; fileEncoding = 4; lastKnownFileType = sourcecode.swift; path = HomeRouter.swift; sourceTree = "<group>"; };
		CA7C96B923E9F16400710D21 /* HomeBuilder.swift */ = {isa = PBXFileReference; fileEncoding = 4; lastKnownFileType = sourcecode.swift; path = HomeBuilder.swift; sourceTree = "<group>"; };
		CA7C96BA23E9F16400710D21 /* HomePresenter.swift */ = {isa = PBXFileReference; fileEncoding = 4; lastKnownFileType = sourcecode.swift; path = HomePresenter.swift; sourceTree = "<group>"; };
		CA7C96BB23E9F16400710D21 /* HomeProtocols.swift */ = {isa = PBXFileReference; fileEncoding = 4; lastKnownFileType = sourcecode.swift; path = HomeProtocols.swift; sourceTree = "<group>"; };
		CA7C96BD23E9F16400710D21 /* DetailsProtocols.swift */ = {isa = PBXFileReference; fileEncoding = 4; lastKnownFileType = sourcecode.swift; path = DetailsProtocols.swift; sourceTree = "<group>"; };
		CA7C96BE23E9F16400710D21 /* DetailsPresenter.swift */ = {isa = PBXFileReference; fileEncoding = 4; lastKnownFileType = sourcecode.swift; path = DetailsPresenter.swift; sourceTree = "<group>"; };
		CA7C96BF23E9F16400710D21 /* DetailsRouter.swift */ = {isa = PBXFileReference; fileEncoding = 4; lastKnownFileType = sourcecode.swift; path = DetailsRouter.swift; sourceTree = "<group>"; };
		CA7C96C023E9F16400710D21 /* DetailsBuilder.swift */ = {isa = PBXFileReference; fileEncoding = 4; lastKnownFileType = sourcecode.swift; path = DetailsBuilder.swift; sourceTree = "<group>"; };
		CA7C96C123E9F16400710D21 /* DetailsInteractor.swift */ = {isa = PBXFileReference; fileEncoding = 4; lastKnownFileType = sourcecode.swift; path = DetailsInteractor.swift; sourceTree = "<group>"; };
		CA7C96C223E9F16400710D21 /* DetailsViewController.swift */ = {isa = PBXFileReference; fileEncoding = 4; lastKnownFileType = sourcecode.swift; path = DetailsViewController.swift; sourceTree = "<group>"; };
		CA7C96C423E9F16400710D21 /* MapProtocols.swift */ = {isa = PBXFileReference; fileEncoding = 4; lastKnownFileType = sourcecode.swift; path = MapProtocols.swift; sourceTree = "<group>"; };
		CA7C96C523E9F16400710D21 /* MapRouter.swift */ = {isa = PBXFileReference; fileEncoding = 4; lastKnownFileType = sourcecode.swift; path = MapRouter.swift; sourceTree = "<group>"; };
		CA7C96C623E9F16400710D21 /* MapPresenter.swift */ = {isa = PBXFileReference; fileEncoding = 4; lastKnownFileType = sourcecode.swift; path = MapPresenter.swift; sourceTree = "<group>"; };
		CA7C96C723E9F16400710D21 /* MapInteractor.swift */ = {isa = PBXFileReference; fileEncoding = 4; lastKnownFileType = sourcecode.swift; path = MapInteractor.swift; sourceTree = "<group>"; };
		CA7C96C823E9F16400710D21 /* MapViewController.swift */ = {isa = PBXFileReference; fileEncoding = 4; lastKnownFileType = sourcecode.swift; path = MapViewController.swift; sourceTree = "<group>"; };
		CA7C96C923E9F16400710D21 /* MapBuilder.swift */ = {isa = PBXFileReference; fileEncoding = 4; lastKnownFileType = sourcecode.swift; path = MapBuilder.swift; sourceTree = "<group>"; };
		CA7C96CB23E9F16400710D21 /* ListBuilder.swift */ = {isa = PBXFileReference; fileEncoding = 4; lastKnownFileType = sourcecode.swift; path = ListBuilder.swift; sourceTree = "<group>"; };
		CA7C96CC23E9F16400710D21 /* ListViewController.swift */ = {isa = PBXFileReference; fileEncoding = 4; lastKnownFileType = sourcecode.swift; path = ListViewController.swift; sourceTree = "<group>"; };
		CA7C96CD23E9F16400710D21 /* ListInteractor.swift */ = {isa = PBXFileReference; fileEncoding = 4; lastKnownFileType = sourcecode.swift; path = ListInteractor.swift; sourceTree = "<group>"; };
		CA7C96CE23E9F16400710D21 /* ListPresenter.swift */ = {isa = PBXFileReference; fileEncoding = 4; lastKnownFileType = sourcecode.swift; path = ListPresenter.swift; sourceTree = "<group>"; };
		CA7C96CF23E9F16400710D21 /* ListProtocols.swift */ = {isa = PBXFileReference; fileEncoding = 4; lastKnownFileType = sourcecode.swift; path = ListProtocols.swift; sourceTree = "<group>"; };
		CA7C96D023E9F16400710D21 /* ListRouter.swift */ = {isa = PBXFileReference; fileEncoding = 4; lastKnownFileType = sourcecode.swift; path = ListRouter.swift; sourceTree = "<group>"; };
		CA7C96D223E9F16400710D21 /* LoginInteractor.swift */ = {isa = PBXFileReference; fileEncoding = 4; lastKnownFileType = sourcecode.swift; path = LoginInteractor.swift; sourceTree = "<group>"; };
		CA7C96D323E9F16400710D21 /* LoginViewController.swift */ = {isa = PBXFileReference; fileEncoding = 4; lastKnownFileType = sourcecode.swift; path = LoginViewController.swift; sourceTree = "<group>"; };
		CA7C96D423E9F16400710D21 /* LoginProtocols.swift */ = {isa = PBXFileReference; fileEncoding = 4; lastKnownFileType = sourcecode.swift; path = LoginProtocols.swift; sourceTree = "<group>"; };
		CA7C96D523E9F16400710D21 /* LoginPresenter.swift */ = {isa = PBXFileReference; fileEncoding = 4; lastKnownFileType = sourcecode.swift; path = LoginPresenter.swift; sourceTree = "<group>"; };
		CA7C96D623E9F16400710D21 /* LoginBuilder.swift */ = {isa = PBXFileReference; fileEncoding = 4; lastKnownFileType = sourcecode.swift; path = LoginBuilder.swift; sourceTree = "<group>"; };
		CA7C96D723E9F16400710D21 /* LoginRouter.swift */ = {isa = PBXFileReference; fileEncoding = 4; lastKnownFileType = sourcecode.swift; path = LoginRouter.swift; sourceTree = "<group>"; };
		CA7C96D923E9F16400710D21 /* OnboardingRouter.swift */ = {isa = PBXFileReference; fileEncoding = 4; lastKnownFileType = sourcecode.swift; path = OnboardingRouter.swift; sourceTree = "<group>"; };
		CA7C96DA23E9F16400710D21 /* OnboardingPresenter.swift */ = {isa = PBXFileReference; fileEncoding = 4; lastKnownFileType = sourcecode.swift; path = OnboardingPresenter.swift; sourceTree = "<group>"; };
		CA7C96DB23E9F16400710D21 /* OnboardingInteractor.swift */ = {isa = PBXFileReference; fileEncoding = 4; lastKnownFileType = sourcecode.swift; path = OnboardingInteractor.swift; sourceTree = "<group>"; };
		CA7C96DC23E9F16400710D21 /* OnboardingProtocols.swift */ = {isa = PBXFileReference; fileEncoding = 4; lastKnownFileType = sourcecode.swift; path = OnboardingProtocols.swift; sourceTree = "<group>"; };
		CA7C96DD23E9F16400710D21 /* OnboardingBuilder.swift */ = {isa = PBXFileReference; fileEncoding = 4; lastKnownFileType = sourcecode.swift; path = OnboardingBuilder.swift; sourceTree = "<group>"; };
		CA7C96DE23E9F16400710D21 /* OnboardingViewController.swift */ = {isa = PBXFileReference; fileEncoding = 4; lastKnownFileType = sourcecode.swift; path = OnboardingViewController.swift; sourceTree = "<group>"; };
		CADD349F23EC739600E35B34 /* OnboardingViewController.xib */ = {isa = PBXFileReference; lastKnownFileType = file.xib; path = OnboardingViewController.xib; sourceTree = "<group>"; };
		D57ACCFFE7FF6A2E8CEFCEB7 /* Pods_Silofit.framework */ = {isa = PBXFileReference; explicitFileType = wrapper.framework; includeInIndex = 0; path = Pods_Silofit.framework; sourceTree = BUILT_PRODUCTS_DIR; };
/* End PBXFileReference section */

/* Begin PBXFrameworksBuildPhase section */
		CA7C967A23E9ED7100710D21 /* Frameworks */ = {
			isa = PBXFrameworksBuildPhase;
			buildActionMask = 2147483647;
			files = (
				A05225472671D757E0AA98E4 /* Pods_Silofit.framework in Frameworks */,
			);
			runOnlyForDeploymentPostprocessing = 0;
		};
		CA7C969023E9ED7600710D21 /* Frameworks */ = {
			isa = PBXFrameworksBuildPhase;
			buildActionMask = 2147483647;
			files = (
			);
			runOnlyForDeploymentPostprocessing = 0;
		};
		CA7C969B23E9ED7600710D21 /* Frameworks */ = {
			isa = PBXFrameworksBuildPhase;
			buildActionMask = 2147483647;
			files = (
			);
			runOnlyForDeploymentPostprocessing = 0;
		};
/* End PBXFrameworksBuildPhase section */

/* Begin PBXGroup section */
		8A79952CDD47C63BF77A495D /* Frameworks */ = {
			isa = PBXGroup;
			children = (
				D57ACCFFE7FF6A2E8CEFCEB7 /* Pods_Silofit.framework */,
			);
			name = Frameworks;
			sourceTree = "<group>";
		};
		C1595B9F5336EA6965C05F1A /* Pods */ = {
			isa = PBXGroup;
			children = (
				A8FD92F10263AA60C845903A /* Pods-Silofit.debug.xcconfig */,
				584F22A6F8930BC6ED0D7113 /* Pods-Silofit.release.xcconfig */,
			);
			path = Pods;
			sourceTree = "<group>";
		};
		CA7C967423E9ED7100710D21 = {
			isa = PBXGroup;
			children = (
				CA7C967F23E9ED7100710D21 /* Silofit */,
				CA7C969623E9ED7600710D21 /* SilofitTests */,
				CA7C96A123E9ED7600710D21 /* SilofitUITests */,
				CA7C967E23E9ED7100710D21 /* Products */,
				C1595B9F5336EA6965C05F1A /* Pods */,
				8A79952CDD47C63BF77A495D /* Frameworks */,
			);
			sourceTree = "<group>";
		};
		CA7C967E23E9ED7100710D21 /* Products */ = {
			isa = PBXGroup;
			children = (
				CA7C967D23E9ED7100710D21 /* Silofit.app */,
				CA7C969323E9ED7600710D21 /* SilofitTests.xctest */,
				CA7C969E23E9ED7600710D21 /* SilofitUITests.xctest */,
			);
			name = Products;
			sourceTree = "<group>";
		};
		CA7C967F23E9ED7100710D21 /* Silofit */ = {
			isa = PBXGroup;
			children = (
				CA7C968023E9ED7100710D21 /* AppDelegate.swift */,
				CA7C96B023E9EE4500710D21 /* RootCoordinator.swift */,
				CA7C96B423E9F16400710D21 /* Modules */,
				CA7C968623E9ED7500710D21 /* Assets.xcassets */,
				CA7C968B23E9ED7500710D21 /* LaunchScreen.storyboard */,
				CA7C968E23E9ED7500710D21 /* Info.plist */,
			);
			path = Silofit;
			sourceTree = "<group>";
		};
		CA7C969623E9ED7600710D21 /* SilofitTests */ = {
			isa = PBXGroup;
			children = (
				CA7C969723E9ED7600710D21 /* SilofitTests.swift */,
				CA7C969923E9ED7600710D21 /* Info.plist */,
			);
			path = SilofitTests;
			sourceTree = "<group>";
		};
		CA7C96A123E9ED7600710D21 /* SilofitUITests */ = {
			isa = PBXGroup;
			children = (
				CA7C96A223E9ED7600710D21 /* SilofitUITests.swift */,
				CA7C96A423E9ED7600710D21 /* Info.plist */,
			);
			path = SilofitUITests;
			sourceTree = "<group>";
		};
		CA7C96B423E9F16400710D21 /* Modules */ = {
			isa = PBXGroup;
			children = (
				CA7C96D823E9F16400710D21 /* Onboarding */,
				CA7C96D123E9F16400710D21 /* Login */,
				CA7C96B523E9F16400710D21 /* Home */,
				CA7C96BC23E9F16400710D21 /* Details */,
				CA7C96C323E9F16400710D21 /* Map */,
				CA7C96CA23E9F16400710D21 /* List */,
			);
			path = Modules;
			sourceTree = "<group>";
		};
		CA7C96B523E9F16400710D21 /* Home */ = {
			isa = PBXGroup;
			children = (
				CA7C96B623E9F16400710D21 /* HomeInteractor.swift */,
				CA7C96B723E9F16400710D21 /* HomeViewController.swift */,
				CA7C96B823E9F16400710D21 /* HomeRouter.swift */,
				CA7C96B923E9F16400710D21 /* HomeBuilder.swift */,
				CA7C96BA23E9F16400710D21 /* HomePresenter.swift */,
				CA7C96BB23E9F16400710D21 /* HomeProtocols.swift */,
			);
			path = Home;
			sourceTree = "<group>";
		};
		CA7C96BC23E9F16400710D21 /* Details */ = {
			isa = PBXGroup;
			children = (
				CA7C96BD23E9F16400710D21 /* DetailsProtocols.swift */,
				CA7C96BE23E9F16400710D21 /* DetailsPresenter.swift */,
				CA7C96BF23E9F16400710D21 /* DetailsRouter.swift */,
				CA7C96C023E9F16400710D21 /* DetailsBuilder.swift */,
				CA7C96C123E9F16400710D21 /* DetailsInteractor.swift */,
				CA7C96C223E9F16400710D21 /* DetailsViewController.swift */,
			);
			path = Details;
			sourceTree = "<group>";
		};
		CA7C96C323E9F16400710D21 /* Map */ = {
			isa = PBXGroup;
			children = (
				CA7C96C423E9F16400710D21 /* MapProtocols.swift */,
				CA7C96C523E9F16400710D21 /* MapRouter.swift */,
				CA7C96C623E9F16400710D21 /* MapPresenter.swift */,
				CA7C96C723E9F16400710D21 /* MapInteractor.swift */,
				CA7C96C823E9F16400710D21 /* MapViewController.swift */,
				CA7C96C923E9F16400710D21 /* MapBuilder.swift */,
			);
			path = Map;
			sourceTree = "<group>";
		};
		CA7C96CA23E9F16400710D21 /* List */ = {
			isa = PBXGroup;
			children = (
				CA7C96CB23E9F16400710D21 /* ListBuilder.swift */,
				CA7C96CC23E9F16400710D21 /* ListViewController.swift */,
				CA7C96CD23E9F16400710D21 /* ListInteractor.swift */,
				CA7C96CE23E9F16400710D21 /* ListPresenter.swift */,
				CA7C96CF23E9F16400710D21 /* ListProtocols.swift */,
				CA7C96D023E9F16400710D21 /* ListRouter.swift */,
			);
			path = List;
			sourceTree = "<group>";
		};
		CA7C96D123E9F16400710D21 /* Login */ = {
			isa = PBXGroup;
			children = (
				CA7C96D223E9F16400710D21 /* LoginInteractor.swift */,
				CA7C96D323E9F16400710D21 /* LoginViewController.swift */,
				CA7C96D423E9F16400710D21 /* LoginProtocols.swift */,
				CA7C96D523E9F16400710D21 /* LoginPresenter.swift */,
				CA7C96D623E9F16400710D21 /* LoginBuilder.swift */,
				CA7C96D723E9F16400710D21 /* LoginRouter.swift */,
			);
			path = Login;
			sourceTree = "<group>";
		};
		CA7C96D823E9F16400710D21 /* Onboarding */ = {
			isa = PBXGroup;
			children = (
				CA7C96D923E9F16400710D21 /* OnboardingRouter.swift */,
				CA7C96DA23E9F16400710D21 /* OnboardingPresenter.swift */,
				CA7C96DB23E9F16400710D21 /* OnboardingInteractor.swift */,
				CA7C96DC23E9F16400710D21 /* OnboardingProtocols.swift */,
				CA7C96DD23E9F16400710D21 /* OnboardingBuilder.swift */,
				CA7C96DE23E9F16400710D21 /* OnboardingViewController.swift */,
				CADD349F23EC739600E35B34 /* OnboardingViewController.xib */,
			);
			path = Onboarding;
			sourceTree = "<group>";
		};
/* End PBXGroup section */

/* Begin PBXNativeTarget section */
		CA7C967C23E9ED7100710D21 /* Silofit */ = {
			isa = PBXNativeTarget;
			buildConfigurationList = CA7C96A723E9ED7600710D21 /* Build configuration list for PBXNativeTarget "Silofit" */;
			buildPhases = (
				3262A67201C69AFD1DE988D3 /* [CP] Check Pods Manifest.lock */,
				CA7C967923E9ED7100710D21 /* Sources */,
				CA7C967A23E9ED7100710D21 /* Frameworks */,
				CA7C967B23E9ED7100710D21 /* Resources */,
				877688E13465BEDEB0F332D9 /* [CP] Embed Pods Frameworks */,
				24B66AA480BE26B147004A64 /* [CP] Copy Pods Resources */,
			);
			buildRules = (
			);
			dependencies = (
			);
			name = Silofit;
			productName = Silofit;
			productReference = CA7C967D23E9ED7100710D21 /* Silofit.app */;
			productType = "com.apple.product-type.application";
		};
		CA7C969223E9ED7600710D21 /* SilofitTests */ = {
			isa = PBXNativeTarget;
			buildConfigurationList = CA7C96AA23E9ED7600710D21 /* Build configuration list for PBXNativeTarget "SilofitTests" */;
			buildPhases = (
				CA7C968F23E9ED7600710D21 /* Sources */,
				CA7C969023E9ED7600710D21 /* Frameworks */,
				CA7C969123E9ED7600710D21 /* Resources */,
			);
			buildRules = (
			);
			dependencies = (
				CA7C969523E9ED7600710D21 /* PBXTargetDependency */,
			);
			name = SilofitTests;
			productName = SilofitTests;
			productReference = CA7C969323E9ED7600710D21 /* SilofitTests.xctest */;
			productType = "com.apple.product-type.bundle.unit-test";
		};
		CA7C969D23E9ED7600710D21 /* SilofitUITests */ = {
			isa = PBXNativeTarget;
			buildConfigurationList = CA7C96AD23E9ED7600710D21 /* Build configuration list for PBXNativeTarget "SilofitUITests" */;
			buildPhases = (
				CA7C969A23E9ED7600710D21 /* Sources */,
				CA7C969B23E9ED7600710D21 /* Frameworks */,
				CA7C969C23E9ED7600710D21 /* Resources */,
			);
			buildRules = (
			);
			dependencies = (
				CA7C96A023E9ED7600710D21 /* PBXTargetDependency */,
			);
			name = SilofitUITests;
			productName = SilofitUITests;
			productReference = CA7C969E23E9ED7600710D21 /* SilofitUITests.xctest */;
			productType = "com.apple.product-type.bundle.ui-testing";
		};
/* End PBXNativeTarget section */

/* Begin PBXProject section */
		CA7C967523E9ED7100710D21 /* Project object */ = {
			isa = PBXProject;
			attributes = {
				LastSwiftUpdateCheck = 1130;
				LastUpgradeCheck = 1130;
				ORGANIZATIONNAME = Silofit;
				TargetAttributes = {
					CA7C967C23E9ED7100710D21 = {
						CreatedOnToolsVersion = 11.3.1;
					};
					CA7C969223E9ED7600710D21 = {
						CreatedOnToolsVersion = 11.3.1;
						TestTargetID = CA7C967C23E9ED7100710D21;
					};
					CA7C969D23E9ED7600710D21 = {
						CreatedOnToolsVersion = 11.3.1;
						TestTargetID = CA7C967C23E9ED7100710D21;
					};
				};
			};
			buildConfigurationList = CA7C967823E9ED7100710D21 /* Build configuration list for PBXProject "Silofit" */;
			compatibilityVersion = "Xcode 9.3";
			developmentRegion = en;
			hasScannedForEncodings = 0;
			knownRegions = (
				en,
				Base,
			);
			mainGroup = CA7C967423E9ED7100710D21;
			productRefGroup = CA7C967E23E9ED7100710D21 /* Products */;
			projectDirPath = "";
			projectRoot = "";
			targets = (
				CA7C967C23E9ED7100710D21 /* Silofit */,
				CA7C969223E9ED7600710D21 /* SilofitTests */,
				CA7C969D23E9ED7600710D21 /* SilofitUITests */,
			);
		};
/* End PBXProject section */

/* Begin PBXResourcesBuildPhase section */
		CA7C967B23E9ED7100710D21 /* Resources */ = {
			isa = PBXResourcesBuildPhase;
			buildActionMask = 2147483647;
			files = (
				CA7C968D23E9ED7500710D21 /* LaunchScreen.storyboard in Resources */,
				CA7C968723E9ED7500710D21 /* Assets.xcassets in Resources */,
				CADD34A023EC739600E35B34 /* OnboardingViewController.xib in Resources */,
			);
			runOnlyForDeploymentPostprocessing = 0;
		};
		CA7C969123E9ED7600710D21 /* Resources */ = {
			isa = PBXResourcesBuildPhase;
			buildActionMask = 2147483647;
			files = (
			);
			runOnlyForDeploymentPostprocessing = 0;
		};
		CA7C969C23E9ED7600710D21 /* Resources */ = {
			isa = PBXResourcesBuildPhase;
			buildActionMask = 2147483647;
			files = (
			);
			runOnlyForDeploymentPostprocessing = 0;
		};
/* End PBXResourcesBuildPhase section */

/* Begin PBXShellScriptBuildPhase section */
		24B66AA480BE26B147004A64 /* [CP] Copy Pods Resources */ = {
			isa = PBXShellScriptBuildPhase;
			buildActionMask = 2147483647;
			files = (
			);
			inputFileListPaths = (
				"${PODS_ROOT}/Target Support Files/Pods-Silofit/Pods-Silofit-resources-${CONFIGURATION}-input-files.xcfilelist",
			);
			name = "[CP] Copy Pods Resources";
			outputFileListPaths = (
				"${PODS_ROOT}/Target Support Files/Pods-Silofit/Pods-Silofit-resources-${CONFIGURATION}-output-files.xcfilelist",
			);
			runOnlyForDeploymentPostprocessing = 0;
			shellPath = /bin/sh;
			shellScript = "\"${PODS_ROOT}/Target Support Files/Pods-Silofit/Pods-Silofit-resources.sh\"\n";
			showEnvVarsInLog = 0;
		};
		3262A67201C69AFD1DE988D3 /* [CP] Check Pods Manifest.lock */ = {
			isa = PBXShellScriptBuildPhase;
			buildActionMask = 2147483647;
			files = (
			);
			inputFileListPaths = (
			);
			inputPaths = (
				"${PODS_PODFILE_DIR_PATH}/Podfile.lock",
				"${PODS_ROOT}/Manifest.lock",
			);
			name = "[CP] Check Pods Manifest.lock";
			outputFileListPaths = (
			);
			outputPaths = (
				"$(DERIVED_FILE_DIR)/Pods-Silofit-checkManifestLockResult.txt",
			);
			runOnlyForDeploymentPostprocessing = 0;
			shellPath = /bin/sh;
			shellScript = "diff \"${PODS_PODFILE_DIR_PATH}/Podfile.lock\" \"${PODS_ROOT}/Manifest.lock\" > /dev/null\nif [ $? != 0 ] ; then\n    # print error to STDERR\n    echo \"error: The sandbox is not in sync with the Podfile.lock. Run 'pod install' or update your CocoaPods installation.\" >&2\n    exit 1\nfi\n# This output is used by Xcode 'outputs' to avoid re-running this script phase.\necho \"SUCCESS\" > \"${SCRIPT_OUTPUT_FILE_0}\"\n";
			showEnvVarsInLog = 0;
		};
		877688E13465BEDEB0F332D9 /* [CP] Embed Pods Frameworks */ = {
			isa = PBXShellScriptBuildPhase;
			buildActionMask = 2147483647;
			files = (
			);
			inputFileListPaths = (
				"${PODS_ROOT}/Target Support Files/Pods-Silofit/Pods-Silofit-frameworks-${CONFIGURATION}-input-files.xcfilelist",
			);
			name = "[CP] Embed Pods Frameworks";
			outputFileListPaths = (
				"${PODS_ROOT}/Target Support Files/Pods-Silofit/Pods-Silofit-frameworks-${CONFIGURATION}-output-files.xcfilelist",
			);
			runOnlyForDeploymentPostprocessing = 0;
			shellPath = /bin/sh;
			shellScript = "\"${PODS_ROOT}/Target Support Files/Pods-Silofit/Pods-Silofit-frameworks.sh\"\n";
			showEnvVarsInLog = 0;
		};
/* End PBXShellScriptBuildPhase section */

/* Begin PBXSourcesBuildPhase section */
		CA7C967923E9ED7100710D21 /* Sources */ = {
			isa = PBXSourcesBuildPhase;
			buildActionMask = 2147483647;
			files = (
				CA7C96F623E9F16400710D21 /* ListRouter.swift in Sources */,
				CA7C96F423E9F16400710D21 /* ListPresenter.swift in Sources */,
				CA7C96EB23E9F16400710D21 /* MapProtocols.swift in Sources */,
				CA7C96E023E9F16400710D21 /* HomeViewController.swift in Sources */,
				CA7C96E923E9F16400710D21 /* DetailsInteractor.swift in Sources */,
				CA7C96F823E9F16400710D21 /* LoginViewController.swift in Sources */,
				CA7C970123E9F16400710D21 /* OnboardingBuilder.swift in Sources */,
				CA7C96EF23E9F16400710D21 /* MapViewController.swift in Sources */,
				CA7C96E823E9F16400710D21 /* DetailsBuilder.swift in Sources */,
				CA7C96FC23E9F16400710D21 /* LoginRouter.swift in Sources */,
				CA7C96F123E9F16400710D21 /* ListBuilder.swift in Sources */,
				CA7C96F523E9F16400710D21 /* ListProtocols.swift in Sources */,
				CA7C96FD23E9F16400710D21 /* OnboardingRouter.swift in Sources */,
				CA7C970223E9F16400710D21 /* OnboardingViewController.swift in Sources */,
				CA7C96F323E9F16400710D21 /* ListInteractor.swift in Sources */,
				CA7C96EC23E9F16400710D21 /* MapRouter.swift in Sources */,
				CA7C96E723E9F16400710D21 /* DetailsRouter.swift in Sources */,
				CA7C970023E9F16400710D21 /* OnboardingProtocols.swift in Sources */,
				CA7C96FB23E9F16400710D21 /* LoginBuilder.swift in Sources */,
				CA7C96E123E9F16400710D21 /* HomeRouter.swift in Sources */,
				CA7C968123E9ED7100710D21 /* AppDelegate.swift in Sources */,
				CA7C96E223E9F16400710D21 /* HomeBuilder.swift in Sources */,
				CA7C96E423E9F16400710D21 /* HomeProtocols.swift in Sources */,
				CA7C96F723E9F16400710D21 /* LoginInteractor.swift in Sources */,
				CA7C96FA23E9F16400710D21 /* LoginPresenter.swift in Sources */,
				CA7C96E623E9F16400710D21 /* DetailsPresenter.swift in Sources */,
				CA7C96FF23E9F16400710D21 /* OnboardingInteractor.swift in Sources */,
				CA7C96ED23E9F16400710D21 /* MapPresenter.swift in Sources */,
				CA7C96B123E9EE4500710D21 /* RootCoordinator.swift in Sources */,
				CA7C96F923E9F16400710D21 /* LoginProtocols.swift in Sources */,
				CA7C96F223E9F16400710D21 /* ListViewController.swift in Sources */,
				CA7C96DF23E9F16400710D21 /* HomeInteractor.swift in Sources */,
				CA7C96E523E9F16400710D21 /* DetailsProtocols.swift in Sources */,
				CA7C96E323E9F16400710D21 /* HomePresenter.swift in Sources */,
				CA7C96F023E9F16400710D21 /* MapBuilder.swift in Sources */,
				CA7C96FE23E9F16400710D21 /* OnboardingPresenter.swift in Sources */,
				CA7C96EE23E9F16400710D21 /* MapInteractor.swift in Sources */,
				CA7C96EA23E9F16400710D21 /* DetailsViewController.swift in Sources */,
			);
			runOnlyForDeploymentPostprocessing = 0;
		};
		CA7C968F23E9ED7600710D21 /* Sources */ = {
			isa = PBXSourcesBuildPhase;
			buildActionMask = 2147483647;
			files = (
				CA7C969823E9ED7600710D21 /* SilofitTests.swift in Sources */,
			);
			runOnlyForDeploymentPostprocessing = 0;
		};
		CA7C969A23E9ED7600710D21 /* Sources */ = {
			isa = PBXSourcesBuildPhase;
			buildActionMask = 2147483647;
			files = (
				CA7C96A323E9ED7600710D21 /* SilofitUITests.swift in Sources */,
			);
			runOnlyForDeploymentPostprocessing = 0;
		};
/* End PBXSourcesBuildPhase section */

/* Begin PBXTargetDependency section */
		CA7C969523E9ED7600710D21 /* PBXTargetDependency */ = {
			isa = PBXTargetDependency;
			target = CA7C967C23E9ED7100710D21 /* Silofit */;
			targetProxy = CA7C969423E9ED7600710D21 /* PBXContainerItemProxy */;
		};
		CA7C96A023E9ED7600710D21 /* PBXTargetDependency */ = {
			isa = PBXTargetDependency;
			target = CA7C967C23E9ED7100710D21 /* Silofit */;
			targetProxy = CA7C969F23E9ED7600710D21 /* PBXContainerItemProxy */;
		};
/* End PBXTargetDependency section */

/* Begin PBXVariantGroup section */
		CA7C968B23E9ED7500710D21 /* LaunchScreen.storyboard */ = {
			isa = PBXVariantGroup;
			children = (
				CA7C968C23E9ED7500710D21 /* Base */,
			);
			name = LaunchScreen.storyboard;
			sourceTree = "<group>";
		};
/* End PBXVariantGroup section */

/* Begin XCBuildConfiguration section */
		CA7C96A523E9ED7600710D21 /* Debug */ = {
			isa = XCBuildConfiguration;
			buildSettings = {
				ALWAYS_SEARCH_USER_PATHS = NO;
				CLANG_ANALYZER_NONNULL = YES;
				CLANG_ANALYZER_NUMBER_OBJECT_CONVERSION = YES_AGGRESSIVE;
				CLANG_CXX_LANGUAGE_STANDARD = "gnu++14";
				CLANG_CXX_LIBRARY = "libc++";
				CLANG_ENABLE_MODULES = YES;
				CLANG_ENABLE_OBJC_ARC = YES;
				CLANG_ENABLE_OBJC_WEAK = YES;
				CLANG_WARN_BLOCK_CAPTURE_AUTORELEASING = YES;
				CLANG_WARN_BOOL_CONVERSION = YES;
				CLANG_WARN_COMMA = YES;
				CLANG_WARN_CONSTANT_CONVERSION = YES;
				CLANG_WARN_DEPRECATED_OBJC_IMPLEMENTATIONS = YES;
				CLANG_WARN_DIRECT_OBJC_ISA_USAGE = YES_ERROR;
				CLANG_WARN_DOCUMENTATION_COMMENTS = YES;
				CLANG_WARN_EMPTY_BODY = YES;
				CLANG_WARN_ENUM_CONVERSION = YES;
				CLANG_WARN_INFINITE_RECURSION = YES;
				CLANG_WARN_INT_CONVERSION = YES;
				CLANG_WARN_NON_LITERAL_NULL_CONVERSION = YES;
				CLANG_WARN_OBJC_IMPLICIT_RETAIN_SELF = YES;
				CLANG_WARN_OBJC_LITERAL_CONVERSION = YES;
				CLANG_WARN_OBJC_ROOT_CLASS = YES_ERROR;
				CLANG_WARN_RANGE_LOOP_ANALYSIS = YES;
				CLANG_WARN_STRICT_PROTOTYPES = YES;
				CLANG_WARN_SUSPICIOUS_MOVE = YES;
				CLANG_WARN_UNGUARDED_AVAILABILITY = YES_AGGRESSIVE;
				CLANG_WARN_UNREACHABLE_CODE = YES;
				CLANG_WARN__DUPLICATE_METHOD_MATCH = YES;
				COPY_PHASE_STRIP = NO;
				DEBUG_INFORMATION_FORMAT = dwarf;
				ENABLE_STRICT_OBJC_MSGSEND = YES;
				ENABLE_TESTABILITY = YES;
				GCC_C_LANGUAGE_STANDARD = gnu11;
				GCC_DYNAMIC_NO_PIC = NO;
				GCC_NO_COMMON_BLOCKS = YES;
				GCC_OPTIMIZATION_LEVEL = 0;
				GCC_PREPROCESSOR_DEFINITIONS = (
					"DEBUG=1",
					"$(inherited)",
				);
				GCC_WARN_64_TO_32_BIT_CONVERSION = YES;
				GCC_WARN_ABOUT_RETURN_TYPE = YES_ERROR;
				GCC_WARN_UNDECLARED_SELECTOR = YES;
				GCC_WARN_UNINITIALIZED_AUTOS = YES_AGGRESSIVE;
				GCC_WARN_UNUSED_FUNCTION = YES;
				GCC_WARN_UNUSED_VARIABLE = YES;
				IPHONEOS_DEPLOYMENT_TARGET = 10;
				MTL_ENABLE_DEBUG_INFO = INCLUDE_SOURCE;
				MTL_FAST_MATH = YES;
				ONLY_ACTIVE_ARCH = YES;
				SDKROOT = iphoneos;
				SWIFT_ACTIVE_COMPILATION_CONDITIONS = DEBUG;
				SWIFT_OPTIMIZATION_LEVEL = "-Onone";
			};
			name = Debug;
		};
		CA7C96A623E9ED7600710D21 /* Release */ = {
			isa = XCBuildConfiguration;
			buildSettings = {
				ALWAYS_SEARCH_USER_PATHS = NO;
				CLANG_ANALYZER_NONNULL = YES;
				CLANG_ANALYZER_NUMBER_OBJECT_CONVERSION = YES_AGGRESSIVE;
				CLANG_CXX_LANGUAGE_STANDARD = "gnu++14";
				CLANG_CXX_LIBRARY = "libc++";
				CLANG_ENABLE_MODULES = YES;
				CLANG_ENABLE_OBJC_ARC = YES;
				CLANG_ENABLE_OBJC_WEAK = YES;
				CLANG_WARN_BLOCK_CAPTURE_AUTORELEASING = YES;
				CLANG_WARN_BOOL_CONVERSION = YES;
				CLANG_WARN_COMMA = YES;
				CLANG_WARN_CONSTANT_CONVERSION = YES;
				CLANG_WARN_DEPRECATED_OBJC_IMPLEMENTATIONS = YES;
				CLANG_WARN_DIRECT_OBJC_ISA_USAGE = YES_ERROR;
				CLANG_WARN_DOCUMENTATION_COMMENTS = YES;
				CLANG_WARN_EMPTY_BODY = YES;
				CLANG_WARN_ENUM_CONVERSION = YES;
				CLANG_WARN_INFINITE_RECURSION = YES;
				CLANG_WARN_INT_CONVERSION = YES;
				CLANG_WARN_NON_LITERAL_NULL_CONVERSION = YES;
				CLANG_WARN_OBJC_IMPLICIT_RETAIN_SELF = YES;
				CLANG_WARN_OBJC_LITERAL_CONVERSION = YES;
				CLANG_WARN_OBJC_ROOT_CLASS = YES_ERROR;
				CLANG_WARN_RANGE_LOOP_ANALYSIS = YES;
				CLANG_WARN_STRICT_PROTOTYPES = YES;
				CLANG_WARN_SUSPICIOUS_MOVE = YES;
				CLANG_WARN_UNGUARDED_AVAILABILITY = YES_AGGRESSIVE;
				CLANG_WARN_UNREACHABLE_CODE = YES;
				CLANG_WARN__DUPLICATE_METHOD_MATCH = YES;
				COPY_PHASE_STRIP = NO;
				DEBUG_INFORMATION_FORMAT = "dwarf-with-dsym";
				ENABLE_NS_ASSERTIONS = NO;
				ENABLE_STRICT_OBJC_MSGSEND = YES;
				GCC_C_LANGUAGE_STANDARD = gnu11;
				GCC_NO_COMMON_BLOCKS = YES;
				GCC_WARN_64_TO_32_BIT_CONVERSION = YES;
				GCC_WARN_ABOUT_RETURN_TYPE = YES_ERROR;
				GCC_WARN_UNDECLARED_SELECTOR = YES;
				GCC_WARN_UNINITIALIZED_AUTOS = YES_AGGRESSIVE;
				GCC_WARN_UNUSED_FUNCTION = YES;
				GCC_WARN_UNUSED_VARIABLE = YES;
				IPHONEOS_DEPLOYMENT_TARGET = 10;
				MTL_ENABLE_DEBUG_INFO = NO;
				MTL_FAST_MATH = YES;
				SDKROOT = iphoneos;
				SWIFT_COMPILATION_MODE = wholemodule;
				SWIFT_OPTIMIZATION_LEVEL = "-O";
				VALIDATE_PRODUCT = YES;
			};
			name = Release;
		};
		CA7C96A823E9ED7600710D21 /* Debug */ = {
			isa = XCBuildConfiguration;
			baseConfigurationReference = A8FD92F10263AA60C845903A /* Pods-Silofit.debug.xcconfig */;
			buildSettings = {
				ASSETCATALOG_COMPILER_APPICON_NAME = AppIcon;
				CODE_SIGN_STYLE = Automatic;
				ENABLE_PREVIEWS = YES;
				INFOPLIST_FILE = Silofit/Info.plist;
				LD_RUNPATH_SEARCH_PATHS = (
					"$(inherited)",
					"@executable_path/Frameworks",
				);
				PRODUCT_BUNDLE_IDENTIFIER = com.silofit.Silofit;
				PRODUCT_NAME = "$(TARGET_NAME)";
				SWIFT_VERSION = 5.0;
				TARGETED_DEVICE_FAMILY = "1,2";
			};
			name = Debug;
		};
		CA7C96A923E9ED7600710D21 /* Release */ = {
			isa = XCBuildConfiguration;
			baseConfigurationReference = 584F22A6F8930BC6ED0D7113 /* Pods-Silofit.release.xcconfig */;
			buildSettings = {
				ASSETCATALOG_COMPILER_APPICON_NAME = AppIcon;
				CODE_SIGN_STYLE = Automatic;
				ENABLE_PREVIEWS = YES;
				INFOPLIST_FILE = Silofit/Info.plist;
				LD_RUNPATH_SEARCH_PATHS = (
					"$(inherited)",
					"@executable_path/Frameworks",
				);
				PRODUCT_BUNDLE_IDENTIFIER = com.silofit.Silofit;
				PRODUCT_NAME = "$(TARGET_NAME)";
				SWIFT_VERSION = 5.0;
				TARGETED_DEVICE_FAMILY = "1,2";
			};
			name = Release;
		};
		CA7C96AB23E9ED7600710D21 /* Debug */ = {
			isa = XCBuildConfiguration;
			buildSettings = {
				ALWAYS_EMBED_SWIFT_STANDARD_LIBRARIES = YES;
				BUNDLE_LOADER = "$(TEST_HOST)";
				CODE_SIGN_STYLE = Automatic;
				INFOPLIST_FILE = SilofitTests/Info.plist;
				IPHONEOS_DEPLOYMENT_TARGET = 13.2;
				LD_RUNPATH_SEARCH_PATHS = (
					"$(inherited)",
					"@executable_path/Frameworks",
					"@loader_path/Frameworks",
				);
				PRODUCT_BUNDLE_IDENTIFIER = com.silofit.SilofitTests;
				PRODUCT_NAME = "$(TARGET_NAME)";
				SWIFT_VERSION = 5.0;
				TARGETED_DEVICE_FAMILY = "1,2";
				TEST_HOST = "$(BUILT_PRODUCTS_DIR)/Silofit.app/Silofit";
			};
			name = Debug;
		};
		CA7C96AC23E9ED7600710D21 /* Release */ = {
			isa = XCBuildConfiguration;
			buildSettings = {
				ALWAYS_EMBED_SWIFT_STANDARD_LIBRARIES = YES;
				BUNDLE_LOADER = "$(TEST_HOST)";
				CODE_SIGN_STYLE = Automatic;
				INFOPLIST_FILE = SilofitTests/Info.plist;
				IPHONEOS_DEPLOYMENT_TARGET = 13.2;
				LD_RUNPATH_SEARCH_PATHS = (
					"$(inherited)",
					"@executable_path/Frameworks",
					"@loader_path/Frameworks",
				);
				PRODUCT_BUNDLE_IDENTIFIER = com.silofit.SilofitTests;
				PRODUCT_NAME = "$(TARGET_NAME)";
				SWIFT_VERSION = 5.0;
				TARGETED_DEVICE_FAMILY = "1,2";
				TEST_HOST = "$(BUILT_PRODUCTS_DIR)/Silofit.app/Silofit";
			};
			name = Release;
		};
		CA7C96AE23E9ED7600710D21 /* Debug */ = {
			isa = XCBuildConfiguration;
			buildSettings = {
				ALWAYS_EMBED_SWIFT_STANDARD_LIBRARIES = YES;
				CODE_SIGN_STYLE = Automatic;
				INFOPLIST_FILE = SilofitUITests/Info.plist;
				LD_RUNPATH_SEARCH_PATHS = (
					"$(inherited)",
					"@executable_path/Frameworks",
					"@loader_path/Frameworks",
				);
				PRODUCT_BUNDLE_IDENTIFIER = com.silofit.SilofitUITests;
				PRODUCT_NAME = "$(TARGET_NAME)";
				SWIFT_VERSION = 5.0;
				TARGETED_DEVICE_FAMILY = "1,2";
				TEST_TARGET_NAME = Silofit;
			};
			name = Debug;
		};
		CA7C96AF23E9ED7600710D21 /* Release */ = {
			isa = XCBuildConfiguration;
			buildSettings = {
				ALWAYS_EMBED_SWIFT_STANDARD_LIBRARIES = YES;
				CODE_SIGN_STYLE = Automatic;
				INFOPLIST_FILE = SilofitUITests/Info.plist;
				LD_RUNPATH_SEARCH_PATHS = (
					"$(inherited)",
					"@executable_path/Frameworks",
					"@loader_path/Frameworks",
				);
				PRODUCT_BUNDLE_IDENTIFIER = com.silofit.SilofitUITests;
				PRODUCT_NAME = "$(TARGET_NAME)";
				SWIFT_VERSION = 5.0;
				TARGETED_DEVICE_FAMILY = "1,2";
				TEST_TARGET_NAME = Silofit;
			};
			name = Release;
		};
/* End XCBuildConfiguration section */

/* Begin XCConfigurationList section */
		CA7C967823E9ED7100710D21 /* Build configuration list for PBXProject "Silofit" */ = {
			isa = XCConfigurationList;
			buildConfigurations = (
				CA7C96A523E9ED7600710D21 /* Debug */,
				CA7C96A623E9ED7600710D21 /* Release */,
			);
			defaultConfigurationIsVisible = 0;
			defaultConfigurationName = Release;
		};
		CA7C96A723E9ED7600710D21 /* Build configuration list for PBXNativeTarget "Silofit" */ = {
			isa = XCConfigurationList;
			buildConfigurations = (
				CA7C96A823E9ED7600710D21 /* Debug */,
				CA7C96A923E9ED7600710D21 /* Release */,
			);
			defaultConfigurationIsVisible = 0;
			defaultConfigurationName = Release;
		};
		CA7C96AA23E9ED7600710D21 /* Build configuration list for PBXNativeTarget "SilofitTests" */ = {
			isa = XCConfigurationList;
			buildConfigurations = (
				CA7C96AB23E9ED7600710D21 /* Debug */,
				CA7C96AC23E9ED7600710D21 /* Release */,
			);
			defaultConfigurationIsVisible = 0;
			defaultConfigurationName = Release;
		};
		CA7C96AD23E9ED7600710D21 /* Build configuration list for PBXNativeTarget "SilofitUITests" */ = {
			isa = XCConfigurationList;
			buildConfigurations = (
				CA7C96AE23E9ED7600710D21 /* Debug */,
				CA7C96AF23E9ED7600710D21 /* Release */,
			);
			defaultConfigurationIsVisible = 0;
			defaultConfigurationName = Release;
		};
/* End XCConfigurationList section */
	};
	rootObject = CA7C967523E9ED7100710D21 /* Project object */;
}
